// !$*UTF8*$!
{
	archiveVersion = 1;
	classes = {
	};
	objectVersion = 56;
	objects = {

/* Begin PBXBuildFile section */
		F8408A232866112400475642 /* Article.swift in Sources */ = {isa = PBXBuildFile; fileRef = F8408A222866112400475642 /* Article.swift */; };
		F8408A252866164000475642 /* NewsAPIResponse.swift in Sources */ = {isa = PBXBuildFile; fileRef = F8408A242866164000475642 /* NewsAPIResponse.swift */; };
		F8408A2728671EF900475642 /* ArticleRowView.swift in Sources */ = {isa = PBXBuildFile; fileRef = F8408A2628671EF900475642 /* ArticleRowView.swift */; };
		F8408A2928671F7C00475642 /* ArticlePreview.swift in Sources */ = {isa = PBXBuildFile; fileRef = F8408A2828671F7C00475642 /* ArticlePreview.swift */; };
		F8408A2B2869B0F000475642 /* ArticleListView.swift in Sources */ = {isa = PBXBuildFile; fileRef = F8408A2A2869B0F000475642 /* ArticleListView.swift */; };
		F8408A2D2869B62A00475642 /* SafariView.swift in Sources */ = {isa = PBXBuildFile; fileRef = F8408A2C2869B62A00475642 /* SafariView.swift */; };
		F8408A302869B8D600475642 /* ViewExtension.swift in Sources */ = {isa = PBXBuildFile; fileRef = F8408A2F2869B8D600475642 /* ViewExtension.swift */; };
		F8408A322869BAC800475642 /* NewsAPI.swift in Sources */ = {isa = PBXBuildFile; fileRef = F8408A312869BAC800475642 /* NewsAPI.swift */; };
		F8408A352869BC4200475642 /* Category.swift in Sources */ = {isa = PBXBuildFile; fileRef = F8408A342869BC4200475642 /* Category.swift */; };
		F857B5052865D4D6000AD173 /* NewsDemoApp.swift in Sources */ = {isa = PBXBuildFile; fileRef = F857B5042865D4D6000AD173 /* NewsDemoApp.swift */; };
		F857B5092865D4D7000AD173 /* Assets.xcassets in Resources */ = {isa = PBXBuildFile; fileRef = F857B5082865D4D7000AD173 /* Assets.xcassets */; };
		F857B50C2865D4D7000AD173 /* Preview Assets.xcassets in Resources */ = {isa = PBXBuildFile; fileRef = F857B50B2865D4D7000AD173 /* Preview Assets.xcassets */; };
		F857B5162865D6D1000AD173 /* news.json in Resources */ = {isa = PBXBuildFile; fileRef = F857B5152865D6D1000AD173 /* news.json */; };
		F8D522D02869E274001B1B5D /* ArticleNewsVM.swift in Sources */ = {isa = PBXBuildFile; fileRef = F8D522CF2869E274001B1B5D /* ArticleNewsVM.swift */; };
		F8D522D22869E54A001B1B5D /* DataFetchPhase.swift in Sources */ = {isa = PBXBuildFile; fileRef = F8D522D12869E54A001B1B5D /* DataFetchPhase.swift */; };
		F8D522D42869EB83001B1B5D /* NewsTabView.swift in Sources */ = {isa = PBXBuildFile; fileRef = F8D522D32869EB83001B1B5D /* NewsTabView.swift */; };
		F8D522D62869EF38001B1B5D /* MainView.swift in Sources */ = {isa = PBXBuildFile; fileRef = F8D522D52869EF38001B1B5D /* MainView.swift */; };
/* End PBXBuildFile section */

/* Begin PBXFileReference section */
		F8408A222866112400475642 /* Article.swift */ = {isa = PBXFileReference; lastKnownFileType = sourcecode.swift; path = Article.swift; sourceTree = "<group>"; };
		F8408A242866164000475642 /* NewsAPIResponse.swift */ = {isa = PBXFileReference; lastKnownFileType = sourcecode.swift; path = NewsAPIResponse.swift; sourceTree = "<group>"; };
		F8408A2628671EF900475642 /* ArticleRowView.swift */ = {isa = PBXFileReference; lastKnownFileType = sourcecode.swift; path = ArticleRowView.swift; sourceTree = "<group>"; };
		F8408A2828671F7C00475642 /* ArticlePreview.swift */ = {isa = PBXFileReference; lastKnownFileType = sourcecode.swift; path = ArticlePreview.swift; sourceTree = "<group>"; };
		F8408A2A2869B0F000475642 /* ArticleListView.swift */ = {isa = PBXFileReference; lastKnownFileType = sourcecode.swift; path = ArticleListView.swift; sourceTree = "<group>"; };
		F8408A2C2869B62A00475642 /* SafariView.swift */ = {isa = PBXFileReference; lastKnownFileType = sourcecode.swift; path = SafariView.swift; sourceTree = "<group>"; };
		F8408A2F2869B8D600475642 /* ViewExtension.swift */ = {isa = PBXFileReference; lastKnownFileType = sourcecode.swift; path = ViewExtension.swift; sourceTree = "<group>"; };
		F8408A312869BAC800475642 /* NewsAPI.swift */ = {isa = PBXFileReference; lastKnownFileType = sourcecode.swift; path = NewsAPI.swift; sourceTree = "<group>"; };
		F8408A342869BC4200475642 /* Category.swift */ = {isa = PBXFileReference; lastKnownFileType = sourcecode.swift; path = Category.swift; sourceTree = "<group>"; };
		F857B5012865D4D6000AD173 /* NewsDemo.app */ = {isa = PBXFileReference; explicitFileType = wrapper.application; includeInIndex = 0; path = NewsDemo.app; sourceTree = BUILT_PRODUCTS_DIR; };
		F857B5042865D4D6000AD173 /* NewsDemoApp.swift */ = {isa = PBXFileReference; lastKnownFileType = sourcecode.swift; path = NewsDemoApp.swift; sourceTree = "<group>"; };
		F857B5082865D4D7000AD173 /* Assets.xcassets */ = {isa = PBXFileReference; lastKnownFileType = folder.assetcatalog; path = Assets.xcassets; sourceTree = "<group>"; };
		F857B50B2865D4D7000AD173 /* Preview Assets.xcassets */ = {isa = PBXFileReference; lastKnownFileType = folder.assetcatalog; path = "Preview Assets.xcassets"; sourceTree = "<group>"; };
		F857B5152865D6D1000AD173 /* news.json */ = {isa = PBXFileReference; lastKnownFileType = text.json; path = news.json; sourceTree = "<group>"; };
		F8D522CF2869E274001B1B5D /* ArticleNewsVM.swift */ = {isa = PBXFileReference; lastKnownFileType = sourcecode.swift; path = ArticleNewsVM.swift; sourceTree = "<group>"; };
		F8D522D12869E54A001B1B5D /* DataFetchPhase.swift */ = {isa = PBXFileReference; lastKnownFileType = sourcecode.swift; path = DataFetchPhase.swift; sourceTree = "<group>"; };
		F8D522D32869EB83001B1B5D /* NewsTabView.swift */ = {isa = PBXFileReference; lastKnownFileType = sourcecode.swift; path = NewsTabView.swift; sourceTree = "<group>"; };
		F8D522D52869EF38001B1B5D /* MainView.swift */ = {isa = PBXFileReference; lastKnownFileType = sourcecode.swift; path = MainView.swift; sourceTree = "<group>"; };
		F8D522D72869F189001B1B5D /* Info.plist */ = {isa = PBXFileReference; lastKnownFileType = text.plist; path = Info.plist; sourceTree = "<group>"; };
/* End PBXFileReference section */

/* Begin PBXFrameworksBuildPhase section */
		F857B4FE2865D4D6000AD173 /* Frameworks */ = {
			isa = PBXFrameworksBuildPhase;
			buildActionMask = 2147483647;
			files = (
			);
			runOnlyForDeploymentPostprocessing = 0;
		};
/* End PBXFrameworksBuildPhase section */

/* Begin PBXGroup section */
		F8408A2E2869B88C00475642 /* Extensions */ = {
			isa = PBXGroup;
			children = (
				F8408A2F2869B8D600475642 /* ViewExtension.swift */,
			);
			path = Extensions;
			sourceTree = "<group>";
		};
		F8408A332869BB5100475642 /* API */ = {
			isa = PBXGroup;
			children = (
				F8408A312869BAC800475642 /* NewsAPI.swift */,
			);
			path = API;
			sourceTree = "<group>";
		};
		F857B4F82865D4D6000AD173 = {
			isa = PBXGroup;
			children = (
				F857B5032865D4D6000AD173 /* NewsDemo */,
				F857B5022865D4D6000AD173 /* Products */,
			);
			sourceTree = "<group>";
		};
		F857B5022865D4D6000AD173 /* Products */ = {
			isa = PBXGroup;
			children = (
				F857B5012865D4D6000AD173 /* NewsDemo.app */,
			);
			name = Products;
			sourceTree = "<group>";
		};
		F857B5032865D4D6000AD173 /* NewsDemo */ = {
			isa = PBXGroup;
			children = (
				F8D522D72869F189001B1B5D /* Info.plist */,
				F857B5042865D4D6000AD173 /* NewsDemoApp.swift */,
				F857B5142865D4F6000AD173 /* Views */,
				F857B5132865D4EE000AD173 /* ViewModels */,
				F857B5122865D4E9000AD173 /* Models */,
				F8408A2E2869B88C00475642 /* Extensions */,
				F8408A332869BB5100475642 /* API */,
				F857B5082865D4D7000AD173 /* Assets.xcassets */,
				F857B50A2865D4D7000AD173 /* Preview Content */,
			);
			path = NewsDemo;
			sourceTree = "<group>";
		};
		F857B50A2865D4D7000AD173 /* Preview Content */ = {
			isa = PBXGroup;
			children = (
				F857B50B2865D4D7000AD173 /* Preview Assets.xcassets */,
				F857B5152865D6D1000AD173 /* news.json */,
				F8408A2828671F7C00475642 /* ArticlePreview.swift */,
			);
			path = "Preview Content";
			sourceTree = "<group>";
		};
		F857B5122865D4E9000AD173 /* Models */ = {
			isa = PBXGroup;
			children = (
				F8408A222866112400475642 /* Article.swift */,
				F8408A242866164000475642 /* NewsAPIResponse.swift */,
				F8408A342869BC4200475642 /* Category.swift */,
				F8D522D12869E54A001B1B5D /* DataFetchPhase.swift */,
			);
			path = Models;
			sourceTree = "<group>";
		};
		F857B5132865D4EE000AD173 /* ViewModels */ = {
			isa = PBXGroup;
			children = (
				F8D522CF2869E274001B1B5D /* ArticleNewsVM.swift */,
			);
			path = ViewModels;
			sourceTree = "<group>";
		};
		F857B5142865D4F6000AD173 /* Views */ = {
			isa = PBXGroup;
			children = (
				F8D522D52869EF38001B1B5D /* MainView.swift */,
				F8D522D32869EB83001B1B5D /* NewsTabView.swift */,
				F8408A2628671EF900475642 /* ArticleRowView.swift */,
				F8408A2A2869B0F000475642 /* ArticleListView.swift */,
				F8408A2C2869B62A00475642 /* SafariView.swift */,
			);
			path = Views;
			sourceTree = "<group>";
		};
/* End PBXGroup section */

/* Begin PBXNativeTarget section */
		F857B5002865D4D6000AD173 /* NewsDemo */ = {
			isa = PBXNativeTarget;
			buildConfigurationList = F857B50F2865D4D7000AD173 /* Build configuration list for PBXNativeTarget "NewsDemo" */;
			buildPhases = (
				F857B4FD2865D4D6000AD173 /* Sources */,
				F857B4FE2865D4D6000AD173 /* Frameworks */,
				F857B4FF2865D4D6000AD173 /* Resources */,
			);
			buildRules = (
			);
			dependencies = (
			);
			name = NewsDemo;
			productName = NewsDemo;
			productReference = F857B5012865D4D6000AD173 /* NewsDemo.app */;
			productType = "com.apple.product-type.application";
		};
/* End PBXNativeTarget section */

/* Begin PBXProject section */
		F857B4F92865D4D6000AD173 /* Project object */ = {
			isa = PBXProject;
			attributes = {
				BuildIndependentTargetsInParallel = 1;
				LastSwiftUpdateCheck = 1400;
				LastUpgradeCheck = 1400;
				TargetAttributes = {
					F857B5002865D4D6000AD173 = {
						CreatedOnToolsVersion = 14.0;
					};
				};
			};
			buildConfigurationList = F857B4FC2865D4D6000AD173 /* Build configuration list for PBXProject "NewsDemo" */;
			compatibilityVersion = "Xcode 14.0";
			developmentRegion = en;
			hasScannedForEncodings = 0;
			knownRegions = (
				en,
				Base,
			);
			mainGroup = F857B4F82865D4D6000AD173;
			productRefGroup = F857B5022865D4D6000AD173 /* Products */;
			projectDirPath = "";
			projectRoot = "";
			targets = (
				F857B5002865D4D6000AD173 /* NewsDemo */,
			);
		};
/* End PBXProject section */

/* Begin PBXResourcesBuildPhase section */
		F857B4FF2865D4D6000AD173 /* Resources */ = {
			isa = PBXResourcesBuildPhase;
			buildActionMask = 2147483647;
			files = (
				F857B5162865D6D1000AD173 /* news.json in Resources */,
				F857B50C2865D4D7000AD173 /* Preview Assets.xcassets in Resources */,
				F857B5092865D4D7000AD173 /* Assets.xcassets in Resources */,
			);
			runOnlyForDeploymentPostprocessing = 0;
		};
/* End PBXResourcesBuildPhase section */

/* Begin PBXSourcesBuildPhase section */
		F857B4FD2865D4D6000AD173 /* Sources */ = {
			isa = PBXSourcesBuildPhase;
			buildActionMask = 2147483647;
			files = (
				F8408A302869B8D600475642 /* ViewExtension.swift in Sources */,
				F8D522D62869EF38001B1B5D /* MainView.swift in Sources */,
				F8D522D02869E274001B1B5D /* ArticleNewsVM.swift in Sources */,
				F8408A2B2869B0F000475642 /* ArticleListView.swift in Sources */,
				F8408A2728671EF900475642 /* ArticleRowView.swift in Sources */,
				F8408A2D2869B62A00475642 /* SafariView.swift in Sources */,
				F857B5052865D4D6000AD173 /* NewsDemoApp.swift in Sources */,
				F8D522D42869EB83001B1B5D /* NewsTabView.swift in Sources */,
				F8408A2928671F7C00475642 /* ArticlePreview.swift in Sources */,
				F8408A322869BAC800475642 /* NewsAPI.swift in Sources */,
				F8D522D22869E54A001B1B5D /* DataFetchPhase.swift in Sources */,
				F8408A252866164000475642 /* NewsAPIResponse.swift in Sources */,
				F8408A232866112400475642 /* Article.swift in Sources */,
				F8408A352869BC4200475642 /* Category.swift in Sources */,
			);
			runOnlyForDeploymentPostprocessing = 0;
		};
/* End PBXSourcesBuildPhase section */

/* Begin XCBuildConfiguration section */
		F857B50D2865D4D7000AD173 /* Debug */ = {
			isa = XCBuildConfiguration;
			buildSettings = {
				ALWAYS_SEARCH_USER_PATHS = NO;
				CLANG_ANALYZER_NONNULL = YES;
				CLANG_ANALYZER_NUMBER_OBJECT_CONVERSION = YES_AGGRESSIVE;
				CLANG_CXX_LANGUAGE_STANDARD = "gnu++17";
				CLANG_ENABLE_MODULES = YES;
				CLANG_ENABLE_OBJC_ARC = YES;
				CLANG_ENABLE_OBJC_WEAK = YES;
				CLANG_WARN_BLOCK_CAPTURE_AUTORELEASING = YES;
				CLANG_WARN_BOOL_CONVERSION = YES;
				CLANG_WARN_COMMA = YES;
				CLANG_WARN_CONSTANT_CONVERSION = YES;
				CLANG_WARN_DEPRECATED_OBJC_IMPLEMENTATIONS = YES;
				CLANG_WARN_DIRECT_OBJC_ISA_USAGE = YES_ERROR;
				CLANG_WARN_DOCUMENTATION_COMMENTS = YES;
				CLANG_WARN_EMPTY_BODY = YES;
				CLANG_WARN_ENUM_CONVERSION = YES;
				CLANG_WARN_INFINITE_RECURSION = YES;
				CLANG_WARN_INT_CONVERSION = YES;
				CLANG_WARN_NON_LITERAL_NULL_CONVERSION = YES;
				CLANG_WARN_OBJC_IMPLICIT_RETAIN_SELF = YES;
				CLANG_WARN_OBJC_LITERAL_CONVERSION = YES;
				CLANG_WARN_OBJC_ROOT_CLASS = YES_ERROR;
				CLANG_WARN_QUOTED_INCLUDE_IN_FRAMEWORK_HEADER = YES;
				CLANG_WARN_RANGE_LOOP_ANALYSIS = YES;
				CLANG_WARN_STRICT_PROTOTYPES = YES;
				CLANG_WARN_SUSPICIOUS_MOVE = YES;
				CLANG_WARN_UNGUARDED_AVAILABILITY = YES_AGGRESSIVE;
				CLANG_WARN_UNREACHABLE_CODE = YES;
				CLANG_WARN__DUPLICATE_METHOD_MATCH = YES;
				COPY_PHASE_STRIP = NO;
				DEBUG_INFORMATION_FORMAT = dwarf;
				ENABLE_STRICT_OBJC_MSGSEND = YES;
				ENABLE_TESTABILITY = YES;
				GCC_C_LANGUAGE_STANDARD = gnu11;
				GCC_DYNAMIC_NO_PIC = NO;
				GCC_NO_COMMON_BLOCKS = YES;
				GCC_OPTIMIZATION_LEVEL = 0;
				GCC_PREPROCESSOR_DEFINITIONS = (
					"DEBUG=1",
					"$(inherited)",
				);
				GCC_WARN_64_TO_32_BIT_CONVERSION = YES;
				GCC_WARN_ABOUT_RETURN_TYPE = YES_ERROR;
				GCC_WARN_UNDECLARED_SELECTOR = YES;
				GCC_WARN_UNINITIALIZED_AUTOS = YES_AGGRESSIVE;
				GCC_WARN_UNUSED_FUNCTION = YES;
				GCC_WARN_UNUSED_VARIABLE = YES;
				IPHONEOS_DEPLOYMENT_TARGET = 16.0;
				MTL_ENABLE_DEBUG_INFO = INCLUDE_SOURCE;
				MTL_FAST_MATH = YES;
				ONLY_ACTIVE_ARCH = YES;
				SDKROOT = iphoneos;
				SWIFT_ACTIVE_COMPILATION_CONDITIONS = DEBUG;
				SWIFT_OPTIMIZATION_LEVEL = "-Onone";
			};
			name = Debug;
		};
		F857B50E2865D4D7000AD173 /* Release */ = {
			isa = XCBuildConfiguration;
			buildSettings = {
				ALWAYS_SEARCH_USER_PATHS = NO;
				CLANG_ANALYZER_NONNULL = YES;
				CLANG_ANALYZER_NUMBER_OBJECT_CONVERSION = YES_AGGRESSIVE;
				CLANG_CXX_LANGUAGE_STANDARD = "gnu++17";
				CLANG_ENABLE_MODULES = YES;
				CLANG_ENABLE_OBJC_ARC = YES;
				CLANG_ENABLE_OBJC_WEAK = YES;
				CLANG_WARN_BLOCK_CAPTURE_AUTORELEASING = YES;
				CLANG_WARN_BOOL_CONVERSION = YES;
				CLANG_WARN_COMMA = YES;
				CLANG_WARN_CONSTANT_CONVERSION = YES;
				CLANG_WARN_DEPRECATED_OBJC_IMPLEMENTATIONS = YES;
				CLANG_WARN_DIRECT_OBJC_ISA_USAGE = YES_ERROR;
				CLANG_WARN_DOCUMENTATION_COMMENTS = YES;
				CLANG_WARN_EMPTY_BODY = YES;
				CLANG_WARN_ENUM_CONVERSION = YES;
				CLANG_WARN_INFINITE_RECURSION = YES;
				CLANG_WARN_INT_CONVERSION = YES;
				CLANG_WARN_NON_LITERAL_NULL_CONVERSION = YES;
				CLANG_WARN_OBJC_IMPLICIT_RETAIN_SELF = YES;
				CLANG_WARN_OBJC_LITERAL_CONVERSION = YES;
				CLANG_WARN_OBJC_ROOT_CLASS = YES_ERROR;
				CLANG_WARN_QUOTED_INCLUDE_IN_FRAMEWORK_HEADER = YES;
				CLANG_WARN_RANGE_LOOP_ANALYSIS = YES;
				CLANG_WARN_STRICT_PROTOTYPES = YES;
				CLANG_WARN_SUSPICIOUS_MOVE = YES;
				CLANG_WARN_UNGUARDED_AVAILABILITY = YES_AGGRESSIVE;
				CLANG_WARN_UNREACHABLE_CODE = YES;
				CLANG_WARN__DUPLICATE_METHOD_MATCH = YES;
				COPY_PHASE_STRIP = NO;
				DEBUG_INFORMATION_FORMAT = "dwarf-with-dsym";
				ENABLE_NS_ASSERTIONS = NO;
				ENABLE_STRICT_OBJC_MSGSEND = YES;
				GCC_C_LANGUAGE_STANDARD = gnu11;
				GCC_NO_COMMON_BLOCKS = YES;
				GCC_WARN_64_TO_32_BIT_CONVERSION = YES;
				GCC_WARN_ABOUT_RETURN_TYPE = YES_ERROR;
				GCC_WARN_UNDECLARED_SELECTOR = YES;
				GCC_WARN_UNINITIALIZED_AUTOS = YES_AGGRESSIVE;
				GCC_WARN_UNUSED_FUNCTION = YES;
				GCC_WARN_UNUSED_VARIABLE = YES;
				IPHONEOS_DEPLOYMENT_TARGET = 16.0;
				MTL_ENABLE_DEBUG_INFO = NO;
				MTL_FAST_MATH = YES;
				SDKROOT = iphoneos;
				SWIFT_COMPILATION_MODE = wholemodule;
				SWIFT_OPTIMIZATION_LEVEL = "-O";
				VALIDATE_PRODUCT = YES;
			};
			name = Release;
		};
		F857B5102865D4D7000AD173 /* Debug */ = {
			isa = XCBuildConfiguration;
			buildSettings = {
				ASSETCATALOG_COMPILER_APPICON_NAME = AppIcon;
				ASSETCATALOG_COMPILER_GLOBAL_ACCENT_COLOR_NAME = AccentColor;
				CODE_SIGN_STYLE = Automatic;
				CURRENT_PROJECT_VERSION = 1;
				DEVELOPMENT_ASSET_PATHS = "\"NewsDemo/Preview Content\"";
				DEVELOPMENT_TEAM = H5J3S6F67R;
				ENABLE_PREVIEWS = YES;
				GENERATE_INFOPLIST_FILE = YES;
				INFOPLIST_FILE = NewsDemo/Info.plist;
				INFOPLIST_KEY_UIApplicationSceneManifest_Generation = YES;
				INFOPLIST_KEY_UIApplicationSupportsIndirectInputEvents = YES;
				INFOPLIST_KEY_UILaunchScreen_Generation = YES;
				INFOPLIST_KEY_UISupportedInterfaceOrientations_iPad = "UIInterfaceOrientationPortrait UIInterfaceOrientationPortraitUpsideDown UIInterfaceOrientationLandscapeLeft UIInterfaceOrientationLandscapeRight";
				INFOPLIST_KEY_UISupportedInterfaceOrientations_iPhone = "UIInterfaceOrientationPortrait UIInterfaceOrientationLandscapeLeft UIInterfaceOrientationLandscapeRight";
				IPHONEOS_DEPLOYMENT_TARGET = 16.0;
				LD_RUNPATH_SEARCH_PATHS = (
					"$(inherited)",
					"@executable_path/Frameworks",
				);
				MARKETING_VERSION = 1.0;
				PRODUCT_BUNDLE_IDENTIFIER = com.pal.artem.NewsDemo;
				PRODUCT_NAME = "$(TARGET_NAME)";
				SWIFT_EMIT_LOC_STRINGS = YES;
				SWIFT_VERSION = 5.0;
				TARGETED_DEVICE_FAMILY = "1,2";
			};
			name = Debug;
		};
		F857B5112865D4D7000AD173 /* Release */ = {
			isa = XCBuildConfiguration;
			buildSettings = {
				ASSETCATALOG_COMPILER_APPICON_NAME = AppIcon;
				ASSETCATALOG_COMPILER_GLOBAL_ACCENT_COLOR_NAME = AccentColor;
				CODE_SIGN_STYLE = Automatic;
				CURRENT_PROJECT_VERSION = 1;
				DEVELOPMENT_ASSET_PATHS = "\"NewsDemo/Preview Content\"";
				DEVELOPMENT_TEAM = H5J3S6F67R;
				ENABLE_PREVIEWS = YES;
				GENERATE_INFOPLIST_FILE = YES;
				INFOPLIST_FILE = NewsDemo/Info.plist;
				INFOPLIST_KEY_UIApplicationSceneManifest_Generation = YES;
				INFOPLIST_KEY_UIApplicationSupportsIndirectInputEvents = YES;
				INFOPLIST_KEY_UILaunchScreen_Generation = YES;
				INFOPLIST_KEY_UISupportedInterfaceOrientations_iPad = "UIInterfaceOrientationPortrait UIInterfaceOrientationPortraitUpsideDown UIInterfaceOrientationLandscapeLeft UIInterfaceOrientationLandscapeRight";
				INFOPLIST_KEY_UISupportedInterfaceOrientations_iPhone = "UIInterfaceOrientationPortrait UIInterfaceOrientationLandscapeLeft UIInterfaceOrientationLandscapeRight";
				IPHONEOS_DEPLOYMENT_TARGET = 16.0;
				LD_RUNPATH_SEARCH_PATHS = (
					"$(inherited)",
					"@executable_path/Frameworks",
				);
				MARKETING_VERSION = 1.0;
				PRODUCT_BUNDLE_IDENTIFIER = com.pal.artem.NewsDemo;
				PRODUCT_NAME = "$(TARGET_NAME)";
				SWIFT_EMIT_LOC_STRINGS = YES;
				SWIFT_VERSION = 5.0;
				TARGETED_DEVICE_FAMILY = "1,2";
			};
			name = Release;
		};
/* End XCBuildConfiguration section */

/* Begin XCConfigurationList section */
		F857B4FC2865D4D6000AD173 /* Build configuration list for PBXProject "NewsDemo" */ = {
			isa = XCConfigurationList;
			buildConfigurations = (
				F857B50D2865D4D7000AD173 /* Debug */,
				F857B50E2865D4D7000AD173 /* Release */,
			);
			defaultConfigurationIsVisible = 0;
			defaultConfigurationName = Release;
		};
		F857B50F2865D4D7000AD173 /* Build configuration list for PBXNativeTarget "NewsDemo" */ = {
			isa = XCConfigurationList;
			buildConfigurations = (
				F857B5102865D4D7000AD173 /* Debug */,
				F857B5112865D4D7000AD173 /* Release */,
			);
			defaultConfigurationIsVisible = 0;
			defaultConfigurationName = Release;
		};
/* End XCConfigurationList section */
	};
	rootObject = F857B4F92865D4D6000AD173 /* Project object */;
}
